{
    "_readme": [
        "This file locks the dependencies of your project to a known state",
        "Read more about it at https://getcomposer.org/doc/01-basic-usage.md#composer-lock-the-lock-file",
        "This file is @generated automatically"
    ],
    "content-hash": "a043e87b497f55c75d507b27466415b7",
    "packages": [
        {
            "name": "rean/pdo-object",
            "version": "dev-master",
            "source": {
                "type": "git",
                "url": "https://github.com/reaburoa/pdo.git",
                "reference": "359088fcbd842ddc2fa85c2bb7932a501b9ef6a0"
            },
            "dist": {
                "type": "zip",
                "url": "https://api.github.com/repos/reaburoa/pdo/zipball/359088fcbd842ddc2fa85c2bb7932a501b9ef6a0",
                "reference": "359088fcbd842ddc2fa85c2bb7932a501b9ef6a0",
                "shasum": ""
            },
            "require": {
                "php": ">=5.4.0"
            },
            "type": "library",
            "autoload": {
                "psr-4": {
                    "Rean\\": "src/"
                }
            },
            "notification-url": "https://packagist.org/downloads/",
            "license": [
                "MIT"
            ],
            "authors": [
                {
                    "name": "Lei Zhang",
                    "email": "reaburoa@qq.com"
                }
            ],
            "description": "PDO Class",
            "keywords": [
                "class",
                "mysql",
                "pdo"
            ],
            "time": "2018-07-19T06:30:01+00:00"
        }
    ],
    "packages-dev": [],
    "aliases": [],
    "minimum-stability": "stable",
    "stability-flags": {
        "rean/pdo-object": 20
    },
    "prefer-stable": false,
    "prefer-lowest": false,
    "platform": [],
    "platform-dev": []
}
